{
    "_meta": {
        "hash": {
            "sha256": "c042cd4224c5e6e0f982b7aff305871790e03285d54dc7473cb11f79e1783040"
        },
        "pipfile-spec": 6,
        "requires": {
            "python_version": "3.9"
        },
        "sources": [
            {
                "name": "pypi",
                "url": "https://pypi.org/simple",
                "verify_ssl": true
            }
        ]
    },
    "default": {
        "grpcio": {
            "hashes": [
                "sha256:01f834732c22a130bdf3dc154d1053bdbc887eb3ccb7f3e6285cfbfc33d9d5cc",
                "sha256:028337786f11fecb5d7b7fa660475a06aabf7e5e52b5ac2df47414878c0ce7ea",
                "sha256:0470fa911c503af59ec8bc4c82b371ee4303ececbbdc055f55ce48e38b20fd67",
                "sha256:0f0270bd9ffbff6961fe1da487bdcd594407ad390cc7960e738725d4807b18c4",
                "sha256:1227ff7836f7b3a4ab04e5754f1d001fa52a730685d3dc894ed8bc262cc96c01",
                "sha256:1514341def9c6ec4b7f0b9628be95f620f9d4b99331b7ef0a1845fd33d9b579c",
                "sha256:1e925954b18d41aeb5ae250262116d0970893b38232689c4240024e4333ac084",
                "sha256:1ee76cd7e2e49cf9264f6812d8c9ac1b85dda0eaea063af07292400f9191750e",
                "sha256:1f03dc9b4da4c0dc8a1db7a5420f575251d7319b7a839004d8916257ddbe4816",
                "sha256:200e48a6e7b00f804cf00a1c26292a5baa96507c7749e70a3ec10ca1a288936e",
                "sha256:2060ca95a8db295ae828d0fc1c7f38fb26ccd5edf9aa51a0f44251f5da332e97",
                "sha256:26c9a9c4ac917efab4704b18eed9082ed3b6ad19595f047e8173b5182fec0d5e",
                "sha256:282f47d0928e40f25d007f24eb8fa051cb22551e3c74b8248bc9f9bea9c35fe0",
                "sha256:2e52e107261fd8fa8fa457fe44bfadb904ae869d87c1280bf60f93ecd3e79278",
                "sha256:316463c0832d5fcdb5e35ff2826d9aa3f26758d29cdfb59a368c1d6c39615a11",
                "sha256:3629d8a8185f5139869a6a17865d03113a260e311e78fbe313f1a71603617589",
                "sha256:3b75aea7c6cb91b341c85e7c1d9db1e09e1dd630b0717f836be94971e015031e",
                "sha256:45a4704339b6e5b24b0e136dea9ad3815a94f30eb4f1e1d44c4ac484ef11d8dd",
                "sha256:4ed866f9edb574fd9be71bf64c954ce1b88fc93b2a4cbf94af221e9426eb14d6",
                "sha256:5494d0e52bf77a2f7eb17c6da662886ca0a731e56c1c85b93505bece8dc6cf4c",
                "sha256:5ccbed100dc43704e94ccff9e07680b540d64e4cc89213ab2832b51b4f68a520",
                "sha256:5cfd14175f9db33d4b74d63de87c64bb0ee29ce475ce3c00c01ad2a3dc2a9e51",
                "sha256:60e5de105dc02832dc8f120056306d0ef80932bcf1c0e2b4ca3b676de6dc6505",
                "sha256:7e76accf38808f5c5c752b0ab3fd919eb14ff8fafb8db520ad1cc12afff74de6",
                "sha256:85d347cb8237751b23539981dbd2d9d8f6e9ff90082b427b13022b948eb6347a",
                "sha256:87d222569273720366f68a99cb62e6194681eb763ee1d3b1005840678d4884f9",
                "sha256:8b94e83f66dbf6fd642415faca0608590bc5e8d30e2c012b31d7d1b91b1de2fd",
                "sha256:8cc614e895177ab7e4b70f154d1a7c97e152577ea101d76026d132b7aaba003b",
                "sha256:8de1b192c29b8ce45ee26a700044717bcbbd21c697fa1124d440548964328561",
                "sha256:9031069d36cb949205293cf0e243abd5e64d6c93e01b078c37921493a41b72dc",
                "sha256:90b3646ced2eae3a0599658eeccc5ba7f303bf51b82514c50715bdd2b109e5ec",
                "sha256:936fa44241b5379c5afc344e1260d467bee495747eaf478de825bab2791da6f5",
                "sha256:a78a06911d4081a24a1761d16215a08e9b6d4d29cdbb7e427e6c7e17b06bcc5d",
                "sha256:a7f4ed0dcf202a70fe661329f8874bc3775c14bb3911d020d07c82c766ce0eb1",
                "sha256:b192b81076073ed46f4b4dd612b8897d9a1e39d4eabd822e5da7b38497ed77e1",
                "sha256:b62b0f41e6e01a3e5082000b612064c87c93a49b05f7602fe1b7aa9fd5171a1d",
                "sha256:b634851b92c090763dde61df0868c730376cdb73a91bcc821af56ae043b09596",
                "sha256:b650f34aceac8b2d08a4c8d7dc3e8a593f4d9e26d86751ebf74ebf5107d927de",
                "sha256:b7f693db593d6bf285e015d5538bf1c86cf9c60ed30b6f7da04a00ed052fe2f3",
                "sha256:bf1f8be0da3fcdb2c1e9f374f3c2d043d606d69f425cd685110dd6d0d2d61258",
                "sha256:bf5f680d3ed08c15330d7830d06bc65f58ca40c9999309517fd62880d70cb06e",
                "sha256:c1fea55d26d647346acb0069b08dca70984101f2dc95066e003019207212e303",
                "sha256:c5ba38aeac7a2fe353615c6b4213d1fbb3a3c34f86b4aaa8be08baaaee8cc56d",
                "sha256:c9a281878feeb9ae26db0622a19add03922a028d4db684658f16d546601a4870",
                "sha256:ca71d73a270dff052fe4edf74fef142d6ddd1f84175d9ac4a14b7280572ac519",
                "sha256:cc89b6c29f3dccbe12d7a3b3f1b3999db4882ae076c1c1f6df231d55dbd767a5",
                "sha256:cd7ea241b10bc5f0bb0f82c0d7896822b7ed122b3ab35c9851b440c1ccf81588",
                "sha256:d5658c3c2660417d82db51e168b277e0ff036d0b0f859fa7576c0ffd2aec1442",
                "sha256:db6f9fd2578dbe37db4b2994c94a1d9c93552ed77dca80e1657bb8a05b898b55",
                "sha256:dc48f99cc05e0698e689b51a05933253c69a8c8559a47f605cff83801b03af0e",
                "sha256:dc5a351927d605b2721cbb46158e431dd49ce66ffbacb03e709dc07a491dde35",
                "sha256:dd034d68a2905464c49479b0c209c773737a4245d616234c79c975c7c90eca03",
                "sha256:f79e05f5bbf551c4057c227d1b041ace0e78462ac8128e2ad39ec58a382536d2",
                "sha256:fb9302afc3a0e4ba0b225cd651ef8e478bf0070cf11a529175caecd5ea2474e7",
                "sha256:fc18a4de8c33491ad6f70022af5c460b39611e39578a4d84de0fe92f12d5d47b"
            ],
            "index": "pypi",
            "markers": "python_version >= '3.8'",
            "version": "==1.69.0"
        },
        "grpcio-tools": {
            "hashes": [
                "sha256:00adf628259e8c314a02ca1580d6a8b14eeef266f5dd5e15bf92c1efbbcf63c0",
                "sha256:01121b6570932bfb7d8b2ce2c0055dba902a415477079e249d85fe4494f72db2",
                "sha256:02f92e3c2bae67ece818787f8d3d89df0fa1e5e6bbb7c1493824fd5dfad886dd",
                "sha256:094c7cec9bd271a32dfb7c620d4a558c63fcb0122fd1651b9ed73d6afd4ae6fe",
                "sha256:09b66ea279fcdaebae4ec34b1baf7577af3b14322738aa980c1c33cfea71f7d7",
                "sha256:0d3101c8d6f890f9d978e400843cc29992c5e03ae74f359e73dade09f2469a08",
                "sha256:1163ba3f829141206dce1ceb67cfca73b57d279cd7183f188276443700a4980e",
                "sha256:28778debad73a8c8e0a0e07e6a2f76eecce43adbc205d17dd244d2d58bb0f0aa",
                "sha256:2f08b063612553e726e328aef3a27adfaea8d92712b229012afc54d59da88a02",
                "sha256:33120920e29959eaa37a1268c6a22af243d086b1a5e5222b4203e29560ece9ce",
                "sha256:371d03ac31b76ba77d44bdba6a8560f344c6d1ed558babab64760da085e392b7",
                "sha256:37876ae49235ef2e61e5059faf45dc5e7142ca54ae61aec378bb9483e0cd7e95",
                "sha256:3d64e801586dbea3530f245d48b9ed031738cc3eb099d5ce2fdb1b3dc2e1fb20",
                "sha256:3e1a98f4d9decb84979e1ddd3deb09c0a33a84b6e3c0776d5bde4097e3ab66dd",
                "sha256:4320f11b79d3a148cc23bad1b81719ce1197808dc2406caa8a8ba0a5cfb0260d",
                "sha256:449308d93e4c97ae3a4503510c6d64978748ff5e21429c85da14fdc783c0f498",
                "sha256:497bdaa996a4de70f643c008a08813b4d20e114de50a384ae5e29d849c24c9c8",
                "sha256:4ee934bbe8aa8035eea2711c12a6e537ab4c4a35a6d742ccf34bfa3a0492f412",
                "sha256:5562a1b1b67deffd04fbb1bcf8f1634580538ce35895b77cdfaec1fb115efd95",
                "sha256:599ffd39525e7bbb6412a63e56a2e6c1af8f3493fe4305260efd4a11d064cce0",
                "sha256:5d47abf7e0662dd5dbb9cc252c3616e5fbc5f71d34e3f6332cd24bcdf2940abd",
                "sha256:5f1224596ad74dd14444b20c37122b361c5d203b67e14e018b995f3c5d76eede",
                "sha256:6df4c6ac109af338a8ccde29d184e0b0bdab13d78490cb360ff9b192a1aec7e2",
                "sha256:7722700346d5b223159532e046e51f2ff743ed4342e5fe3e0457120a4199015e",
                "sha256:788bb3ecd1b44664d829d319b3c1ebc15c7d7b5e7d1f22706ab57d6acd2c6301",
                "sha256:7bbb2b2fb81d95bcdd1d8331defb5f5dc256dbe423bb98b682cf129cdd432366",
                "sha256:7e5c5dc2b656755cb58b11a7e87b65258a4a8eaff01b6c30ffcb230dd447c03d",
                "sha256:7e6a6d44359ca836acfbc58103daf94b3bb8ac919d659bb348dcd7fbecedc293",
                "sha256:808d1b963bda8ca3c9f55cb8aa051ed2f2c98cc1fb89f79b4f67e8218580f8f3",
                "sha256:8c210630faa581c3bd08953dac4ad21a7f49862f3b92d69686e9b436d2f1265d",
                "sha256:8c320c4faa1431f2e1252ef2325a970ac23b2fd04ffef6c12f96dd4552c3445c",
                "sha256:8eabf0a7a98c14322bc74f9910c96f98feebe311e085624b2d022924d4f652ca",
                "sha256:8ef8efe8beac4cc1e30d41893e4096ca2601da61001897bd17441645de2d4d3c",
                "sha256:8f5959d8a453d613e7137831f6885b43b5c378ec317943b4ec599046baa97bfc",
                "sha256:965a0cf656a113bc32d15ac92ca51ed702a75d5370ae0afbdd36f818533a708a",
                "sha256:978835768c11a7f28778b3b7c40f839d8a57f765c315e80c4246c23900d56149",
                "sha256:9861e282aa7b3656c67e84d0c25ee0e9210b955e0ec2c64699b8f80483f90853",
                "sha256:9f8996efddc867134f22bbf8a368b1b2a018d0a9b0ac9d3185cfd81d1abd8066",
                "sha256:a00e87a0c5a294028115a098819899b08dd18449df5b2aac4a2b87ba865e8681",
                "sha256:a85785058c31bac3d0b26c158b576eed536e4ce1af72c1d05a3518e745d44aac",
                "sha256:a934116fdf202cb675246056ee54645c743e2240632f86a37e52f91a405c7143",
                "sha256:ad567bea43d018c2215e1db10316eda94ca19229a834a3221c15d132d24c1b8a",
                "sha256:aea33dd5a07a3b250b02a1b3f435e86d4abc94936b3ce634a2d70bc224189495",
                "sha256:afa8cd6b93e4f607c3750a976a96f874830ec7dc5f408e0fac270d0464147024",
                "sha256:b51bf4981b3d7e47c2569efadff08284787124eb3dea0f63f491d39703231d3c",
                "sha256:b6730414c01fe9027ba12538fd6e192e1bea94d5b819a1e03d15e89aab1b4573",
                "sha256:b9343651e73bc6e0df6bb518c2638bf9cc2194b50d060cdbcf1b2121cd4e4ae3",
                "sha256:be94a4bfa56d356aae242cc54072c9ccc2704b659eaae2fd599a94afebf791ce",
                "sha256:c18df5d1c8e163a29863583ec51237d08d7059ef8d4f7661ee6d6363d3e38fe3",
                "sha256:c78d3a7d9ba4292ba7abcc43430df426fc805e79a1dcd147509af0668332885b",
                "sha256:e11accd10cf4af5031ac86c45f1a13fb08f55e005cea070917c12e78fe6d2aa2",
                "sha256:e27662c0597fd1ab5399a583d358b5203edcb6fc2b29d6245099dfacd51a6ddc",
                "sha256:e9bae733654e0eb8ca83aa1d0d6b6c2f4a3525ce70d5ffc07df68d28f6520137",
                "sha256:ea7aaf0dc1a828e2133357a9e9553fd1bb4e766890d52a506cc132e40632acdc",
                "sha256:f453b11a112e3774c8957ec2570669f3da1f7fbc8ee242482c38981496e88da2"
            ],
            "index": "pypi",
            "markers": "python_version >= '3.8'",
            "version": "==1.69.0"
        },
        "protobuf": {
            "hashes": [
                "sha256:0a18ed4a24198528f2333802eb075e59dea9d679ab7a6c5efb017a59004d849f",
                "sha256:0eb32bfa5219fc8d4111803e9a690658aa2e6366384fd0851064b963b6d1f2a7",
                "sha256:3ea51771449e1035f26069c4c7fd51fba990d07bc55ba80701c78f886bf9c888",
                "sha256:5da0f41edaf117bde316404bad1a486cb4ededf8e4a54891296f648e8e076620",
                "sha256:6ce8cc3389a20693bfde6c6562e03474c40851b44975c9b2bf6df7d8c4f864da",
                "sha256:84a57163a0ccef3f96e4b6a20516cedcf5bb3a95a657131c5c3ac62200d23252",
                "sha256:a4fa6f80816a9a0678429e84973f2f98cbc218cca434abe8db2ad0bffc98503a",
                "sha256:a8434404bbf139aa9e1300dbf989667a83d42ddda9153d8ab76e0d5dcaca484e",
                "sha256:b89c115d877892a512f79a8114564fb435943b59067615894c3b13cd3e1fa107",
                "sha256:c027e08a08be10b67c06bf2370b99c811c466398c357e615ca88c91c07f0910f",
                "sha256:daaf63f70f25e8689c072cfad4334ca0ac1d1e05a92fc15c54eb9cf23c3efd84"
            ],
            "markers": "python_version >= '3.8'",
            "version": "==5.29.3"
        },
        "setuptools": {
            "hashes": [
                "sha256:c5afc8f407c626b8313a86e10311dd3f661c6cd9c09d4bf8c15c0e11f9f2b0e6",
                "sha256:e3982f444617239225d675215d51f6ba05f845d4eec313da4418fdbb56fb27e3"
            ],
            "markers": "python_version >= '3.9'",
            "version": "==75.8.0"
        },
        "sqlglot": {
            "extras": [
                "rs"
            ],
            "hashes": [
                "sha256:82dd5ba9f60c664ed073cd365cccbc48d04b28ddba9cddd3419f29dc6e76df08",
                "sha256:f5177482cc00997f9b7af886af23fcae8de827795a075c27c20296bdfdb9a522"
            ],
            "markers": "python_version >= '3.7'",
            "version": "==26.2.1"
        },
        "sqlglotrs": {
            "hashes": [
                "sha256:0056bc5ee81ab1de22a22c964403da6f99056ff23ee0d1544b85322c94ff8a05",
                "sha256:04ea9d87f8e32698a0382ec59016c266e3aa303326012b66c088858a89cf63fd",
                "sha256:0644013e833e23fca14884f74172e9b3695391b5bd435d568f53888c40fcf5ec",
                "sha256:06bf85c7d4b4143ef1225286292f71fb9f3217309fd30d5f23a93ffde3f75c36",
                "sha256:06c5bdadb5679803d040bd3d1d528fb0a7a2df35d61365db4b5463d74a523bf9",
                "sha256:078cf31f8877eb19b2dc125e6d7a7f74f361064dcf345850564ef1ecd269a87c",
                "sha256:0ca2945cdcb4335124886b09aa61dc61507f309eb3580431a0d4cbea91150edd",
                "sha256:0cfeb4f07b77bd534f2a689d7b343243720c0d16d229b1efe7791fbc2352de4c",
                "sha256:125928dbfd314e0c8e87beeb2df895663a38f97d79d07a8d6f4727ce1b2fe493",
                "sha256:16e27b97c55e6a97c0ca28c9611274e9c04743963f14a74bc0a7ccc92e8e4462",
                "sha256:1bf0ea4202380933502b6f00c0c593877fa86fa3c70328da4e93b396d9238428",
                "sha256:26ab65a75047c09ea72b64ad42c1aaffe17fe0cc6d306b027765b02ccfb30476",
                "sha256:2bc2512915d958515435556434a95481330c00751ea20a4df0ff1a37722f8675",
                "sha256:2bd6204b6e498724d305b27bbd2ace65d907322ec3934099e4b2b4769ce131c1",
                "sha256:2d317d942f2267798ddf8fd5af61094b7e96400fe3f5026ac77b7ecac20888e2",
                "sha256:340503046cc9969212e0986808bbacafc5ecf143c33677f049b10c2d491e4ab1",
                "sha256:47b5743340ac3096328b9483a1ef38b4e04a75b9ab37c58378a077a24421b406",
                "sha256:47d238ae6d9e6d933007128001e66fbb183d5957a5f249a20b65653592e69f74",
                "sha256:4c87d22abd6f446015555a9289ae709bbffe4aa898fbe25bb739212a57be1c36",
                "sha256:4efadc1be688b57fbc833a33ce2494864a32e607f119497a0bcc8daf1dc98097",
                "sha256:4fb7424d37088ad248ba142ae31ef5b870b6b5ad6b20d92b26a3609e09b0cce6",
                "sha256:5494115d5e29b8ecdbe0652bd90b82bbf39305e2034795f2c0a71cfa837429b4",
                "sha256:5bf510f61f909fb9526fc79f69de0ce68a69c10ce199a7f467cb338bafc61d8f",
                "sha256:5cc8e8b541894d8b9a149f78983f604e97024804be55524a3a39c58ff1e41d82",
                "sha256:5d381f711ae625a677918db1d3300d0bfcc7b747e393221ac9fdead490ca9c8a",
                "sha256:5daea06ac755b17512eaaf234320f283f6b019def43bc27e9f980026f8e9482c",
                "sha256:5e665d2240fd49969b5fba405b42fdac68008f09d64fd0ca4179517c4b6344d5",
                "sha256:5f2356b2ac116c8916dd762cb1684553ed2b8fd2305e7c405284763cb2de9df3",
                "sha256:674303f8790e4ca21a010585f2ec86a0081c08fb9c4271cd79abdc6c48a2d45b",
                "sha256:7248a58e4a54cc8a12bd3e92848a0404b9f180ef79ac7e6af1fbef8a4749d15d",
                "sha256:72daf1a2e5c4a80c19df570bbe4062e7e904068106cbfcd135262e4aebb9398b",
                "sha256:753ef6d610da709655b76f7c213ec2f7a2d256d6d315c3b50c66fb48a70de834",
                "sha256:76b16b62c9f65f5c0467d2700e42bdc20bf0eed47c972e97d7686ad009160af3",
                "sha256:772ee153a08b34d1f352e9bec387ed1e526870862ff080b1bd42a067042a4e9b",
                "sha256:7bf6ac02a5472acdba6cb74c6fef30a608ee2896ed3c46acaf625830d23f3d1a",
                "sha256:89ff79ab9fc1cce775ee5e7d8ee38ea6ed79ddaa21bc7984385b23adcf170027",
                "sha256:8c5879d84271a002650c838943b7f93ebd1b84265b0f4477bdfdf0ebd477356d",
                "sha256:8d1876d9242996fc035b6f07a1edc97ec17e49bf75c0b67454e9589cd4bdec15",
                "sha256:91226d385734aa186b0e1ac402d7d12dbec92073bf7e51b6d026db01b497bf99",
                "sha256:91dce975c3aa4af8e203bcff55f08faea2c96c35b4b33c9ac20ae577f61c4980",
                "sha256:93503e33733dfb1858d44ce07372788871e519c19baa00bb4956a74c5a9115d8",
                "sha256:95c5d494fe6a0a3fa59e46164ae62a8c4839d3b4d3a5124ae4eaa986f1a607a5",
                "sha256:95e080eb9fd2c528440ee1525467130df46eb47896fdddae88cc4241a9e6fd0d",
                "sha256:a945f88f21e9d952a129ed16c9201fefd7b0199d076b7a8c9cb02021374e5a4f",
                "sha256:a9d8c4ab9b9279a386deffb98a4c912cdeeddfc8e518f26838f35d917d485e62",
                "sha256:ae25c32114b2ee0edab3a3f8660b9b50370191ff29c1b3228329171883abbdb8",
                "sha256:b0fe982febdd59e46944314aedd516a56654708e1875729d12cd06ba438f791f",
                "sha256:bafb487bf92a8f9cd876b8db9b5a8ab70add7775a2c97b93cbf13d6b03dca56b",
                "sha256:bb824e9b6e1d6f73809d43a8afe06405f4a9c90e810b822eb0d245651609b7af",
                "sha256:bcaf0968513b3647fe8d85ecc942ca0804c63101db77ed6304a641b388857f63",
                "sha256:bdfc6a8f7be92193c823568e2467a9b2e0d739274160e538117950afba57e1ab",
                "sha256:be39c3670b420af4300277f513138052b1a8cfb32e019050b026ccb07fe0f0d8",
                "sha256:c1741cd08075d13f91adbdbd479e45636269f2daf110c7f8c5e4c23e57106426",
                "sha256:c58c987f9d9640815c7d476d673d4b9764fb1d0af782c3226be18c8b24ca1914",
                "sha256:c6e1cca244543ff3691c3d6245df6eabed715788541b47bb7095251ff80863d3",
                "sha256:ca2c0a4c18a9b0f33c237ad3ba5436fcb4a32bfcf8b2b80234c43c28895e3bf0",
                "sha256:cd78c9329687dcd5ffca7e58d8b7149870010f0a1f56780ad686397f5551e49d",
                "sha256:ce4edfd0eedd1f94cb7d522702c1bf7b19fd30930904199b17847ca043d5f5c4",
                "sha256:d1b4bb041026ca6f5a976c014d0daa582fb227bac01f69b9fb6212fbeea3fbe4",
                "sha256:d21beeaa3508f9e69dd8d2836d767faff2cf5d44c6acf0714d6bac71259b704c",
                "sha256:d2bb495277bb99123d3e9f80bc88ff4ff1c26a3339c93433beca7f4b16faa421",
                "sha256:d33bba92cd292ab949d35322fce834e1651401f0d0425e34b94c00a5eb8a1b02",
                "sha256:df8b926d45d3e6b6b6a5e36d2dee5dd72bddea34e2aed177df41cd21051905a1",
                "sha256:e19b77c92b72ab1bd80c7696530b585f13d5cfe2c47a1b5b154fb42d374722d9",
                "sha256:eaa11f5daea55a351b960e231f18d55ece58748f2fb3368902ffdb856e0a1ddb",
                "sha256:ec22218ab83d08d24dd0d35bcfcf1b939114571344fbb886d45589151b8e4c86",
                "sha256:ef640f9439b4136823c4ed5483f2ac1a924221e9f9e41dd97b696aa63a9197ac",
                "sha256:f75ec7d8cc825120fdf6d878b2b3707f7bc7069a919dcfacf8b8426b67596312",
                "sha256:f84320218a09e1f0391d1ca8dd4e79620e2a918fe0e05f90ee265dfe738048b8",
                "sha256:f8b12002b7526bef4682fe7fc6015a8fcdbc92ead80ad9f2622247203313dd17",
                "sha256:f9050d860e3bc31e639abc1f5a8eb9eb2d3f97c595fb8cdaf07bb93a26818698"
            ],
            "version": "==0.3.5"
        }
    },
    "develop": {
        "exceptiongroup": {
            "hashes": [
                "sha256:3111b9d131c238bec2f8f516e123e14ba243563fb135d3fe885990585aa7795b",
                "sha256:47c2edf7c6738fafb49fd34290706d1a1a2f4d1c6df275526b62cbb4aa5393cc"
            ],
            "markers": "python_version < '3.11'",
            "version": "==1.2.2"
        },
        "iniconfig": {
            "hashes": [
                "sha256:2d91e135bf72d31a410b17c16da610a82cb55f6b0477d1a902134b24a455b8b3",
                "sha256:b6a85871a79d2e3b22d2d1b94ac2824226a63c6b741c88f7ae975f18b6778374"
            ],
            "markers": "python_version >= '3.7'",
            "version": "==2.0.0"
        },
        "packaging": {
            "hashes": [
                "sha256:09abb1bccd265c01f4a3aa3f7a7db064b36514d2cba19a2f694fe6150451a759",
                "sha256:c228a6dc5e932d346bc5739379109d49e8853dd8223571c7c5b55260edc0b97f"
            ],
            "markers": "python_version >= '3.8'",
            "version": "==24.2"
        },
        "pluggy": {
            "hashes": [
                "sha256:2cffa88e94fdc978c4c574f15f9e59b7f4201d439195c3715ca9e2486f1d0cf1",
                "sha256:44e1ad92c8ca002de6377e165f3e0f1be63266ab4d554740532335b9d75ea669"
            ],
            "markers": "python_version >= '3.8'",
            "version": "==1.5.0"
        },
        "pytest": {
            "hashes": [
                "sha256:50e16d954148559c9a74109af1eaf0c945ba2d8f30f0a3d3335edde19788b6f6",
                "sha256:965370d062bce11e73868e0335abac31b4d3de0e82f4007408d242b4f8610761"
            ],
            "index": "pypi",
            "markers": "python_version >= '3.8'",
            "version": "==8.3.4"
        },
        "tomli": {
            "hashes": [
                "sha256:023aa114dd824ade0100497eb2318602af309e5a55595f76b626d6d9f3b7b0a6",
                "sha256:02abe224de6ae62c19f090f68da4e27b10af2b93213d36cf44e6e1c5abd19fdd",
                "sha256:286f0ca2ffeeb5b9bd4fcc8d6c330534323ec51b2f52da063b11c502da16f30c",
                "sha256:2d0f2fdd22b02c6d81637a3c95f8cd77f995846af7414c5c4b8d0545afa1bc4b",
                "sha256:33580bccab0338d00994d7f16f4c4ec25b776af3ffaac1ed74e0b3fc95e885a8",
                "sha256:400e720fe168c0f8521520190686ef8ef033fb19fc493da09779e592861b78c6",
                "sha256:40741994320b232529c802f8bc86da4e1aa9f413db394617b9a256ae0f9a7f77",
                "sha256:465af0e0875402f1d226519c9904f37254b3045fc5084697cefb9bdde1ff99ff",
                "sha256:4a8f6e44de52d5e6c657c9fe83b562f5f4256d8ebbfe4ff922c495620a7f6cea",
                "sha256:4e340144ad7ae1533cb897d406382b4b6fede8890a03738ff1683af800d54192",
                "sha256:678e4fa69e4575eb77d103de3df8a895e1591b48e740211bd1067378c69e8249",
                "sha256:6972ca9c9cc9f0acaa56a8ca1ff51e7af152a9f87fb64623e31d5c83700080ee",
                "sha256:7fc04e92e1d624a4a63c76474610238576942d6b8950a2d7f908a340494e67e4",
                "sha256:889f80ef92701b9dbb224e49ec87c645ce5df3fa2cc548664eb8a25e03127a98",
                "sha256:8d57ca8095a641b8237d5b079147646153d22552f1c637fd3ba7f4b0b29167a8",
                "sha256:8dd28b3e155b80f4d54beb40a441d366adcfe740969820caf156c019fb5c7ec4",
                "sha256:9316dc65bed1684c9a98ee68759ceaed29d229e985297003e494aa825ebb0281",
                "sha256:a198f10c4d1b1375d7687bc25294306e551bf1abfa4eace6650070a5c1ae2744",
                "sha256:a38aa0308e754b0e3c67e344754dff64999ff9b513e691d0e786265c93583c69",
                "sha256:a92ef1a44547e894e2a17d24e7557a5e85a9e1d0048b0b5e7541f76c5032cb13",
                "sha256:ac065718db92ca818f8d6141b5f66369833d4a80a9d74435a268c52bdfa73140",
                "sha256:b82ebccc8c8a36f2094e969560a1b836758481f3dc360ce9a3277c65f374285e",
                "sha256:c954d2250168d28797dd4e3ac5cf812a406cd5a92674ee4c8f123c889786aa8e",
                "sha256:cb55c73c5f4408779d0cf3eef9f762b9c9f147a77de7b258bef0a5628adc85cc",
                "sha256:cd45e1dc79c835ce60f7404ec8119f2eb06d38b1deba146f07ced3bbc44505ff",
                "sha256:d3f5614314d758649ab2ab3a62d4f2004c825922f9e370b29416484086b264ec",
                "sha256:d920f33822747519673ee656a4b6ac33e382eca9d331c87770faa3eef562aeb2",
                "sha256:db2b95f9de79181805df90bedc5a5ab4c165e6ec3fe99f970d0e302f384ad222",
                "sha256:e59e304978767a54663af13c07b3d1af22ddee3bb2fb0618ca1593e4f593a106",
                "sha256:e85e99945e688e32d5a35c1ff38ed0b3f41f43fad8df0bdf79f72b2ba7bc5272",
                "sha256:ece47d672db52ac607a3d9599a9d48dcb2f2f735c6c2d1f34130085bb12b112a",
                "sha256:f4039b9cbc3048b2416cc57ab3bda989a6fcf9b36cf8937f01a6e731b64f80d7"
            ],
            "markers": "python_version < '3.11'",
            "version": "==2.2.1"
        }
    }
}
