{
    "_meta": {
        "hash": {
            "sha256": "c901edae918c29a93116192a88a3ee67eee7b27dcb4a50ad2ace73ed2cb073bc"
        },
        "pipfile-spec": 6,
        "requires": {
            "python_version": "3.9"
        },
        "sources": [
            {
                "name": "pypi",
                "url": "https://pypi.org/simple",
                "verify_ssl": true
            }
        ]
    },
    "default": {
        "dependency-injector": {
            "hashes": [
                "sha256:06bf830625e647cb84ace9662b205b48be394bfab725c3be871a1aa7a20755f6",
                "sha256:144dfae8da58ecd326dbe7fa63dab014ddf07af13b5ab6c0084881373852ecde",
                "sha256:16c17b17d1974a288b16f0d9b4eda7fae892dc2823ff1d95a93207723b681b9a",
                "sha256:2144948b5218f480ca94c11e848762aa305539ec67406ccecfbcb556d06a61dd",
                "sha256:21cfd5d2f26cca02bd897069b4460be1cbac1b07875a33885a84f9aa165cead5",
                "sha256:229ae0f01d5bc04666256737b958b426452214a1ef1082bbc0114a53b8ea21e3",
                "sha256:2683b1d9588c1af34e5a15f334a5e2d3c7e546bdc5c3226c85e8b6243d60c72b",
                "sha256:2b18413b2f965793f8e401996a6cc01e0aa0336568805fc822285cdc72cfb7d9",
                "sha256:2bfca5875aedb5a0995a4b2e5a928aef5791a58f4280d0c3003cb0720385f546",
                "sha256:2e6861b14a52b8ab0956bde2379aad43a5f05ddc8dbfb0233c6c4f71bc029481",
                "sha256:3018a9882364210b55644d7fe4044f3970f1ead30603859b15baf1fd1efe53f7",
                "sha256:326109be456ffa80698e27fe7f32411bb120c4fb2f65059abff2616910a261d3",
                "sha256:3472714fa547f5df4de1e1f4d1aa854214aad9e53d3bd75bd0d4d1eddc9df3b3",
                "sha256:3a1cfd84779e718974b8d40eefc2d664ba69c142ca676ed97f487de05e733e9e",
                "sha256:3c76c944e4732d72787f99b18dd5b3bcb012427efe8373d8b895f9774880f0cc",
                "sha256:3df40ff15bd31058b24cd79781b1dc2f31e0c157ee2067566dfd7a92191969e9",
                "sha256:403f44e2073986138dd95f4a8ac864453524b18385c44b838cba8a2f7f742f2e",
                "sha256:433883ccdfa353e6c8c2e20ba6eb08f77149a7e15f816f05be65bb791b86e5fe",
                "sha256:445c3b35c3c8c029e313f46ae8087a1d6edad8aa74d7f470125bfc22d8ab4831",
                "sha256:480db147baf30b4ee1d38705992694b23ba3c9554d6b2f039a5f13c6f10366d5",
                "sha256:4a77e1815efe7e685a5fe44201f725669010f1d2f6b3034261230dc2cb036371",
                "sha256:4b03382b9423f008bf307d4dee7e56ea1e070fc0e23481e4e327b01b9b463a9d",
                "sha256:4b4a1618eff7dba76f155eb0754ad5c3910b1cb300c34c5d667f50cb30c19117",
                "sha256:4cec41b8dd678555ea025ad320e6354cad92b18b6433f8cd0b423b02989668c3",
                "sha256:4f556713c34335afaec011e3e436668686af90605992415be60aea1d625bf91b",
                "sha256:52015c82f0dd2940e7d1902b287d808265d20f4d2c9713543a7aa29986893571",
                "sha256:5510a68445741fce2af071fd7fda177c4249f2b576d2b2b2b5af23083e4208e8",
                "sha256:580a1c5cc96d88531509b4af285a602b3fa322f06cf684c99bb5506eb2d12cf2",
                "sha256:5eb99c2ea049ac1065a0b4cf06166f70fac697049ddd342b88cb6a264f106faf",
                "sha256:60034184b6dedf7d0486c565eb846a56ccc6fdb25511f1bedf0fbbb7dab23239",
                "sha256:60de7a0a8bd105b2e11121f81a3e5ec67fce34d2470eb7af2546bca2df76b101",
                "sha256:6a013c93a870a3a1ce9829dd272bd02b194ea286df48dfb9d059cf34526738b8",
                "sha256:6f44c0fca126682804f6428038bf03a2f992f6b694a0cc8515bc58cc10534bd7",
                "sha256:713645e6c5e79e7a4a574c6274acf203bf93e34d0fb1d38cf63a7f7b3142ab00",
                "sha256:73d52ba9efdbb6a1c0ba49d9c68be9cedb0abfa0e6fbdfb942371c642cb30541",
                "sha256:75d0f8c748efe5e1f8a0970742483b38687bfe460496a4b7e344440798d0fa99",
                "sha256:7afd6825f926c3506ea85ab5dab7460bf9fd06bbaeee164faa205b0eb0db1efe",
                "sha256:7ec03cd54b79b5fc8df46ae821392358a24dc371bda01a2a68917ab0e559a96b",
                "sha256:7effdb9e45f5c2813e2fd9dc2ef2c446dd59716f66f9c772ab27b9ed16efc894",
                "sha256:82a0c665ee9bbb9434497a9b97bbb2018a9c427c0d014bff77dda2e0586c9020",
                "sha256:83476347e7d3e4b63a3ba4617b87b5b4259b5da7826b7cf1b6c6035c21c8c77d",
                "sha256:892c40f800e19732e9a10d595237bfbe09637e07a98b55c8b0526ac7f8f7400b",
                "sha256:8b2bbc02553633b5b3328c209b1908c2ae8250fdb3dd0536e9021a43a9d6399c",
                "sha256:8d351a5f36bc04838c4884acbc5f57315e51437a19f2a03d225a3af9bac1f60c",
                "sha256:9396c71f25744fd0ded9b171fee05ea3ca13a87c12512ddd8b7e4330f70647eb",
                "sha256:97dc40a527e488df23e9fb5b33a85f9176b730449ad2e498d6cc556dcad540ae",
                "sha256:9a76ab1e114402f284c71039391826d9e43083169d88568ede109ff4fc85de1e",
                "sha256:9b0cb3cdb0523f75bc8bf3e07406670fc8f79a295e8309c2c638a485f3ae9ee0",
                "sha256:9b70cb03d38f89aba3ba9ba7494952b1e68e018b9a52857590aa74c1f984798b",
                "sha256:9d785dacb136479b0536e8b05f83a7375f09404d63eabd1be9b694eca6defea4",
                "sha256:9ebcefa9218941337466cf0985bdcd5d38cf84ab1d3a4d7a3cc91845e38c0d1e",
                "sha256:aad4e274ec08e359dcf8cf391e08b399b9be67cc5d3c41e2d7b61a8967bb7a29",
                "sha256:acda1553bfc47aefc12afdc88418d480c8fc50914c2d36392e0412cdbb267318",
                "sha256:bc2749ed42a7bcb1e62f2ff63a1b931da63f116e50ccdabaf32871d24489999c",
                "sha256:bd3fff67247e3120970b6761a80508cd5852729c4517479ebbbf5c3690fab191",
                "sha256:beabb619969c1c87085bcb228b10e2f8751bf7cca66d77dac99c85c3b7a29847",
                "sha256:c12c44c8c5a168059cff22a0e9a9f7f3ff089b0b38114d037ca1ead48ead178d",
                "sha256:c2a38cf7826ff253d30958c35bc1e121af292f0f12fb5ffd1ad3ea5377b63e3b",
                "sha256:c6ae2f448cdcd1fe6ce4e9869e20166df10e334b3328d6a8aff35c0837180d9e",
                "sha256:cebd7fa8a9bbfed3af38c6f98763caadf0b3c63ade142c3eefb41788247cb5d7",
                "sha256:cedd4f87795b9a9712bf2b6786f0d37e8848418a6b4a59cb185fd1c3866dd888",
                "sha256:cf13a5ce71200568b5bed4fa8898291296115c43b91062d2154f69016ef0d4c2",
                "sha256:d086df3696331908d97b74ce4bbb8f8f86ce231cc3bde7a080c3f535944e1966",
                "sha256:d1cd1034fdc8c4c9daeafdab146570260d5c8fe70fa87a2d428621fc5a07ea8c",
                "sha256:d2bdf7c6e4f7a74dedf4f0aea774eec4c3d6f4f909d411c769c9cd1346243518",
                "sha256:d35c638544a929bfaf150e280b582bd776e3929b9ffdffa4c7a9ee9dff9f448e",
                "sha256:d3b777c80d92eea5c581658bb9e7e1292efb770cfc464bcb47605aa39d3c45fe",
                "sha256:d98a490f8a2decf40ca2aa69d0559d01dd96131422fa2086626fd5949837335a",
                "sha256:dae95379e1a55cccef583d717f2a18481001fe9519162e480d1e2c3e429c246a",
                "sha256:db61b15cfa7fc679b22abb216bbef7888cc332a3f1f0279d6a621cf899661a80",
                "sha256:dcba70e44a3d6436196f1ffebad0b02f0a72a7c8014d85617f21bd8535434bf4",
                "sha256:e1641f25faf543df14b2395a3cea51bd0610bc7b2c1cb6ed1c13ec4bec0063e2",
                "sha256:e2f10a6410bbc8c58c04e26f8b48db4df511491d5bbb55c59992fcc8645fb5e5",
                "sha256:ed3e60296b3b9d29c3eb57cb44a82d7627da1a7eac68ac97fbf9bbd9e2a5cb99",
                "sha256:ee0e2b1dbda5f19f2751d78a8662f2094fa315e4da054e83093ffb64ccf6b8dd",
                "sha256:f018f634edf57d4b4214e007eaa2432d2410f304b170f5684bd3fdbffd244b1f",
                "sha256:f2cd876d9726db63df33ecbfb097a06de0306ddae5861c6ba71363606184428e",
                "sha256:f349e3ceb1913eba37489cab82831e9d46d9008e59c6560cfefe0c57dc1168b0",
                "sha256:f35baac99140143aed5f7dbf098c523fc534884063ccacc3f51aaccbacc7f9f3",
                "sha256:f4207434037f31f98c36f39519d217aa3683dbb12ec2a3a69f1490441935c5f2",
                "sha256:f4aefc511be8ba97d823a71fb52a3b0ccaa7f9387cb51444862ebcb919822cae",
                "sha256:fd1afbbf03ed97007f6d4cb11944776e79207d9d7634ba5c4f897f4802b382ae"
            ],
            "index": "pypi",
            "markers": "python_version >= '3.7'",
            "version": "==4.45.0"
        },
        "grpcio": {
            "hashes": [
                "sha256:01f834732c22a130bdf3dc154d1053bdbc887eb3ccb7f3e6285cfbfc33d9d5cc",
                "sha256:028337786f11fecb5d7b7fa660475a06aabf7e5e52b5ac2df47414878c0ce7ea",
                "sha256:0470fa911c503af59ec8bc4c82b371ee4303ececbbdc055f55ce48e38b20fd67",
                "sha256:0f0270bd9ffbff6961fe1da487bdcd594407ad390cc7960e738725d4807b18c4",
                "sha256:1227ff7836f7b3a4ab04e5754f1d001fa52a730685d3dc894ed8bc262cc96c01",
                "sha256:1514341def9c6ec4b7f0b9628be95f620f9d4b99331b7ef0a1845fd33d9b579c",
                "sha256:1e925954b18d41aeb5ae250262116d0970893b38232689c4240024e4333ac084",
                "sha256:1ee76cd7e2e49cf9264f6812d8c9ac1b85dda0eaea063af07292400f9191750e",
                "sha256:1f03dc9b4da4c0dc8a1db7a5420f575251d7319b7a839004d8916257ddbe4816",
                "sha256:200e48a6e7b00f804cf00a1c26292a5baa96507c7749e70a3ec10ca1a288936e",
                "sha256:2060ca95a8db295ae828d0fc1c7f38fb26ccd5edf9aa51a0f44251f5da332e97",
                "sha256:26c9a9c4ac917efab4704b18eed9082ed3b6ad19595f047e8173b5182fec0d5e",
                "sha256:282f47d0928e40f25d007f24eb8fa051cb22551e3c74b8248bc9f9bea9c35fe0",
                "sha256:2e52e107261fd8fa8fa457fe44bfadb904ae869d87c1280bf60f93ecd3e79278",
                "sha256:316463c0832d5fcdb5e35ff2826d9aa3f26758d29cdfb59a368c1d6c39615a11",
                "sha256:3629d8a8185f5139869a6a17865d03113a260e311e78fbe313f1a71603617589",
                "sha256:3b75aea7c6cb91b341c85e7c1d9db1e09e1dd630b0717f836be94971e015031e",
                "sha256:45a4704339b6e5b24b0e136dea9ad3815a94f30eb4f1e1d44c4ac484ef11d8dd",
                "sha256:4ed866f9edb574fd9be71bf64c954ce1b88fc93b2a4cbf94af221e9426eb14d6",
                "sha256:5494d0e52bf77a2f7eb17c6da662886ca0a731e56c1c85b93505bece8dc6cf4c",
                "sha256:5ccbed100dc43704e94ccff9e07680b540d64e4cc89213ab2832b51b4f68a520",
                "sha256:5cfd14175f9db33d4b74d63de87c64bb0ee29ce475ce3c00c01ad2a3dc2a9e51",
                "sha256:60e5de105dc02832dc8f120056306d0ef80932bcf1c0e2b4ca3b676de6dc6505",
                "sha256:7e76accf38808f5c5c752b0ab3fd919eb14ff8fafb8db520ad1cc12afff74de6",
                "sha256:85d347cb8237751b23539981dbd2d9d8f6e9ff90082b427b13022b948eb6347a",
                "sha256:87d222569273720366f68a99cb62e6194681eb763ee1d3b1005840678d4884f9",
                "sha256:8b94e83f66dbf6fd642415faca0608590bc5e8d30e2c012b31d7d1b91b1de2fd",
                "sha256:8cc614e895177ab7e4b70f154d1a7c97e152577ea101d76026d132b7aaba003b",
                "sha256:8de1b192c29b8ce45ee26a700044717bcbbd21c697fa1124d440548964328561",
                "sha256:9031069d36cb949205293cf0e243abd5e64d6c93e01b078c37921493a41b72dc",
                "sha256:90b3646ced2eae3a0599658eeccc5ba7f303bf51b82514c50715bdd2b109e5ec",
                "sha256:936fa44241b5379c5afc344e1260d467bee495747eaf478de825bab2791da6f5",
                "sha256:a78a06911d4081a24a1761d16215a08e9b6d4d29cdbb7e427e6c7e17b06bcc5d",
                "sha256:a7f4ed0dcf202a70fe661329f8874bc3775c14bb3911d020d07c82c766ce0eb1",
                "sha256:b192b81076073ed46f4b4dd612b8897d9a1e39d4eabd822e5da7b38497ed77e1",
                "sha256:b62b0f41e6e01a3e5082000b612064c87c93a49b05f7602fe1b7aa9fd5171a1d",
                "sha256:b634851b92c090763dde61df0868c730376cdb73a91bcc821af56ae043b09596",
                "sha256:b650f34aceac8b2d08a4c8d7dc3e8a593f4d9e26d86751ebf74ebf5107d927de",
                "sha256:b7f693db593d6bf285e015d5538bf1c86cf9c60ed30b6f7da04a00ed052fe2f3",
                "sha256:bf1f8be0da3fcdb2c1e9f374f3c2d043d606d69f425cd685110dd6d0d2d61258",
                "sha256:bf5f680d3ed08c15330d7830d06bc65f58ca40c9999309517fd62880d70cb06e",
                "sha256:c1fea55d26d647346acb0069b08dca70984101f2dc95066e003019207212e303",
                "sha256:c5ba38aeac7a2fe353615c6b4213d1fbb3a3c34f86b4aaa8be08baaaee8cc56d",
                "sha256:c9a281878feeb9ae26db0622a19add03922a028d4db684658f16d546601a4870",
                "sha256:ca71d73a270dff052fe4edf74fef142d6ddd1f84175d9ac4a14b7280572ac519",
                "sha256:cc89b6c29f3dccbe12d7a3b3f1b3999db4882ae076c1c1f6df231d55dbd767a5",
                "sha256:cd7ea241b10bc5f0bb0f82c0d7896822b7ed122b3ab35c9851b440c1ccf81588",
                "sha256:d5658c3c2660417d82db51e168b277e0ff036d0b0f859fa7576c0ffd2aec1442",
                "sha256:db6f9fd2578dbe37db4b2994c94a1d9c93552ed77dca80e1657bb8a05b898b55",
                "sha256:dc48f99cc05e0698e689b51a05933253c69a8c8559a47f605cff83801b03af0e",
                "sha256:dc5a351927d605b2721cbb46158e431dd49ce66ffbacb03e709dc07a491dde35",
                "sha256:dd034d68a2905464c49479b0c209c773737a4245d616234c79c975c7c90eca03",
                "sha256:f79e05f5bbf551c4057c227d1b041ace0e78462ac8128e2ad39ec58a382536d2",
                "sha256:fb9302afc3a0e4ba0b225cd651ef8e478bf0070cf11a529175caecd5ea2474e7",
                "sha256:fc18a4de8c33491ad6f70022af5c460b39611e39578a4d84de0fe92f12d5d47b"
            ],
            "index": "pypi",
            "markers": "python_version >= '3.8'",
            "version": "==1.69.0"
        },
        "grpcio-tools": {
            "hashes": [
                "sha256:00adf628259e8c314a02ca1580d6a8b14eeef266f5dd5e15bf92c1efbbcf63c0",
                "sha256:01121b6570932bfb7d8b2ce2c0055dba902a415477079e249d85fe4494f72db2",
                "sha256:02f92e3c2bae67ece818787f8d3d89df0fa1e5e6bbb7c1493824fd5dfad886dd",
                "sha256:094c7cec9bd271a32dfb7c620d4a558c63fcb0122fd1651b9ed73d6afd4ae6fe",
                "sha256:09b66ea279fcdaebae4ec34b1baf7577af3b14322738aa980c1c33cfea71f7d7",
                "sha256:0d3101c8d6f890f9d978e400843cc29992c5e03ae74f359e73dade09f2469a08",
                "sha256:1163ba3f829141206dce1ceb67cfca73b57d279cd7183f188276443700a4980e",
                "sha256:28778debad73a8c8e0a0e07e6a2f76eecce43adbc205d17dd244d2d58bb0f0aa",
                "sha256:2f08b063612553e726e328aef3a27adfaea8d92712b229012afc54d59da88a02",
                "sha256:33120920e29959eaa37a1268c6a22af243d086b1a5e5222b4203e29560ece9ce",
                "sha256:371d03ac31b76ba77d44bdba6a8560f344c6d1ed558babab64760da085e392b7",
                "sha256:37876ae49235ef2e61e5059faf45dc5e7142ca54ae61aec378bb9483e0cd7e95",
                "sha256:3d64e801586dbea3530f245d48b9ed031738cc3eb099d5ce2fdb1b3dc2e1fb20",
                "sha256:3e1a98f4d9decb84979e1ddd3deb09c0a33a84b6e3c0776d5bde4097e3ab66dd",
                "sha256:4320f11b79d3a148cc23bad1b81719ce1197808dc2406caa8a8ba0a5cfb0260d",
                "sha256:449308d93e4c97ae3a4503510c6d64978748ff5e21429c85da14fdc783c0f498",
                "sha256:497bdaa996a4de70f643c008a08813b4d20e114de50a384ae5e29d849c24c9c8",
                "sha256:4ee934bbe8aa8035eea2711c12a6e537ab4c4a35a6d742ccf34bfa3a0492f412",
                "sha256:5562a1b1b67deffd04fbb1bcf8f1634580538ce35895b77cdfaec1fb115efd95",
                "sha256:599ffd39525e7bbb6412a63e56a2e6c1af8f3493fe4305260efd4a11d064cce0",
                "sha256:5d47abf7e0662dd5dbb9cc252c3616e5fbc5f71d34e3f6332cd24bcdf2940abd",
                "sha256:5f1224596ad74dd14444b20c37122b361c5d203b67e14e018b995f3c5d76eede",
                "sha256:6df4c6ac109af338a8ccde29d184e0b0bdab13d78490cb360ff9b192a1aec7e2",
                "sha256:7722700346d5b223159532e046e51f2ff743ed4342e5fe3e0457120a4199015e",
                "sha256:788bb3ecd1b44664d829d319b3c1ebc15c7d7b5e7d1f22706ab57d6acd2c6301",
                "sha256:7bbb2b2fb81d95bcdd1d8331defb5f5dc256dbe423bb98b682cf129cdd432366",
                "sha256:7e5c5dc2b656755cb58b11a7e87b65258a4a8eaff01b6c30ffcb230dd447c03d",
                "sha256:7e6a6d44359ca836acfbc58103daf94b3bb8ac919d659bb348dcd7fbecedc293",
                "sha256:808d1b963bda8ca3c9f55cb8aa051ed2f2c98cc1fb89f79b4f67e8218580f8f3",
                "sha256:8c210630faa581c3bd08953dac4ad21a7f49862f3b92d69686e9b436d2f1265d",
                "sha256:8c320c4faa1431f2e1252ef2325a970ac23b2fd04ffef6c12f96dd4552c3445c",
                "sha256:8eabf0a7a98c14322bc74f9910c96f98feebe311e085624b2d022924d4f652ca",
                "sha256:8ef8efe8beac4cc1e30d41893e4096ca2601da61001897bd17441645de2d4d3c",
                "sha256:8f5959d8a453d613e7137831f6885b43b5c378ec317943b4ec599046baa97bfc",
                "sha256:965a0cf656a113bc32d15ac92ca51ed702a75d5370ae0afbdd36f818533a708a",
                "sha256:978835768c11a7f28778b3b7c40f839d8a57f765c315e80c4246c23900d56149",
                "sha256:9861e282aa7b3656c67e84d0c25ee0e9210b955e0ec2c64699b8f80483f90853",
                "sha256:9f8996efddc867134f22bbf8a368b1b2a018d0a9b0ac9d3185cfd81d1abd8066",
                "sha256:a00e87a0c5a294028115a098819899b08dd18449df5b2aac4a2b87ba865e8681",
                "sha256:a85785058c31bac3d0b26c158b576eed536e4ce1af72c1d05a3518e745d44aac",
                "sha256:a934116fdf202cb675246056ee54645c743e2240632f86a37e52f91a405c7143",
                "sha256:ad567bea43d018c2215e1db10316eda94ca19229a834a3221c15d132d24c1b8a",
                "sha256:aea33dd5a07a3b250b02a1b3f435e86d4abc94936b3ce634a2d70bc224189495",
                "sha256:afa8cd6b93e4f607c3750a976a96f874830ec7dc5f408e0fac270d0464147024",
                "sha256:b51bf4981b3d7e47c2569efadff08284787124eb3dea0f63f491d39703231d3c",
                "sha256:b6730414c01fe9027ba12538fd6e192e1bea94d5b819a1e03d15e89aab1b4573",
                "sha256:b9343651e73bc6e0df6bb518c2638bf9cc2194b50d060cdbcf1b2121cd4e4ae3",
                "sha256:be94a4bfa56d356aae242cc54072c9ccc2704b659eaae2fd599a94afebf791ce",
                "sha256:c18df5d1c8e163a29863583ec51237d08d7059ef8d4f7661ee6d6363d3e38fe3",
                "sha256:c78d3a7d9ba4292ba7abcc43430df426fc805e79a1dcd147509af0668332885b",
                "sha256:e11accd10cf4af5031ac86c45f1a13fb08f55e005cea070917c12e78fe6d2aa2",
                "sha256:e27662c0597fd1ab5399a583d358b5203edcb6fc2b29d6245099dfacd51a6ddc",
                "sha256:e9bae733654e0eb8ca83aa1d0d6b6c2f4a3525ce70d5ffc07df68d28f6520137",
                "sha256:ea7aaf0dc1a828e2133357a9e9553fd1bb4e766890d52a506cc132e40632acdc",
                "sha256:f453b11a112e3774c8957ec2570669f3da1f7fbc8ee242482c38981496e88da2"
            ],
            "index": "pypi",
            "markers": "python_version >= '3.8'",
            "version": "==1.69.0"
        },
        "protobuf": {
            "hashes": [
                "sha256:0a18ed4a24198528f2333802eb075e59dea9d679ab7a6c5efb017a59004d849f",
                "sha256:0eb32bfa5219fc8d4111803e9a690658aa2e6366384fd0851064b963b6d1f2a7",
                "sha256:3ea51771449e1035f26069c4c7fd51fba990d07bc55ba80701c78f886bf9c888",
                "sha256:5da0f41edaf117bde316404bad1a486cb4ededf8e4a54891296f648e8e076620",
                "sha256:6ce8cc3389a20693bfde6c6562e03474c40851b44975c9b2bf6df7d8c4f864da",
                "sha256:84a57163a0ccef3f96e4b6a20516cedcf5bb3a95a657131c5c3ac62200d23252",
                "sha256:a4fa6f80816a9a0678429e84973f2f98cbc218cca434abe8db2ad0bffc98503a",
                "sha256:a8434404bbf139aa9e1300dbf989667a83d42ddda9153d8ab76e0d5dcaca484e",
                "sha256:b89c115d877892a512f79a8114564fb435943b59067615894c3b13cd3e1fa107",
                "sha256:c027e08a08be10b67c06bf2370b99c811c466398c357e615ca88c91c07f0910f",
                "sha256:daaf63f70f25e8689c072cfad4334ca0ac1d1e05a92fc15c54eb9cf23c3efd84"
            ],
            "markers": "python_version >= '3.8'",
            "version": "==5.29.3"
        },
        "setuptools": {
            "hashes": [
                "sha256:c5afc8f407c626b8313a86e10311dd3f661c6cd9c09d4bf8c15c0e11f9f2b0e6",
                "sha256:e3982f444617239225d675215d51f6ba05f845d4eec313da4418fdbb56fb27e3"
            ],
            "markers": "python_version >= '3.9'",
            "version": "==75.8.0"
        }
    },
    "develop": {}
}
